lockfileVersion: '9.0'

settings:
  autoInstallPeers: true
  excludeLinksFromLockfile: false

overrides:
  '@types/react': npm:types-react@rc
  '@types/react-dom': npm:types-react-dom@rc

importers:

  .: {}

  with-react-19:
    devDependencies:
      '@types/react':
        specifier: npm:types-react@rc
        version: types-react@19.0.0-rc.0
      '@types/react-dom':
        specifier: npm:types-react-dom@rc
        version: types-react-dom@19.0.0-rc.0

  without-react-19:
    devDependencies:
      '@types/react':
        specifier: npm:types-react@rc
        version: types-react@19.0.0-rc.0
      '@types/react-dom':
        specifier: npm:types-react-dom@rc
        version: types-react-dom@19.0.0-rc.0

packages:

  csstype@3.1.3:
    resolution: {integrity: sha512-M1uQkMl8rQK/szD0LNhtqxIPLpimGm8sOBwU7lLnCpSbTyY3yeU1Vc7l4KT5zT4s/yOxHH5O7tIuuLOCnLADRw==}

  types-react-dom@19.0.0-rc.0:
    resolution: {integrity: sha512-wGlQSD6H6EeCxhH+dSip1cPcCU7nNTOwHEr29rjiNtGkUPlmEofOizoQaPMEqQH2V76ME3NLvBDLGajRu3xZOw==}

  types-react@19.0.0-rc.0:
    resolution: {integrity: sha512-JFd3qtgXZ+EdHht8WXMPSF231brd6Bu4yLKqyo0JjpzhmjYxJptT6TBh/xFqOhx+ee2Nagj7Ttkh5F/jc49TVQ==}

snapshots:

  csstype@3.1.3: {}

  types-react-dom@19.0.0-rc.0:
    dependencies:
      '@types/react': types-react@19.0.0-rc.0

  types-react@19.0.0-rc.0:
    dependencies:
      csstype: 3.1.3
